<?xml version="1.0" encoding="utf-8"?>
<Project ToolsVersion="4.0" xmlns="http://schemas.microsoft.com/developer/msbuild/2003">
  <ItemGroup>
    <Filter Include="源文件">
      <UniqueIdentifier>{4FC737F1-C7A5-4376-A066-2A32D752A2FF}</UniqueIdentifier>
      <Extensions>cpp;c;cc;cxx;def;odl;idl;hpj;bat;asm;asmx</Extensions>
    </Filter>
    <Filter Include="头文件">
      <UniqueIdentifier>{93995380-89BD-4b04-88EB-625FBE52EBFB}</UniqueIdentifier>
      <Extensions>h;hh;hpp;hxx;hm;inl;inc;xsd</Extensions>
    </Filter>
    <Filter Include="资源文件">
      <UniqueIdentifier>{67DA6AB6-F800-4c08-8B7A-83BB121AAD01}</UniqueIdentifier>
      <Extensions>rc;ico;cur;bmp;dlg;rc2;rct;bin;rgs;gif;jpg;jpeg;jpe;resx;tiff;tif;png;wav;mfcribbon-ms</Extensions>
    </Filter>
  </ItemGroup>
  <ItemGroup>
    <Text Include="ReadMe.txt" />
  </ItemGroup>
  <ItemGroup>
    <ClInclude Include="stdafx.h">
      <Filter>头文件</Filter>
    </ClInclude>
    <ClInclude Include="targetver.h">
      <Filter>头文件</Filter>
    </ClInclude>
    <ClInclude Include="KSIMInstance.h">
      <Filter>头文件</Filter>
    </ClInclude>
    <ClInclude Include="KSIMLogic.h">
      <Filter>头文件</Filter>
    </ClInclude>
    <ClInclude Include="..\include\KSIM\KSEnumDefine.h">
      <Filter>头文件</Filter>
    </ClInclude>
    <ClInclude Include="..\include\KSIM\KSIMBuffer.h">
      <Filter>头文件</Filter>
    </ClInclude>
    <ClInclude Include="..\include\KSIM\KSIMExport.h">
      <Filter>头文件</Filter>
    </ClInclude>
    <ClInclude Include="..\include\KSIM\KSIMExportDefine.h">
      <Filter>头文件</Filter>
    </ClInclude>
    <ClInclude Include="..\include\KSIM\KSStructDefine.h">
      <Filter>头文件</Filter>
    </ClInclude>
    <ClInclude Include="..\include\KSIM\KSStructSerialize.h">
      <Filter>头文件</Filter>
    </ClInclude>
    <ClInclude Include="ChatListener.h">
      <Filter>头文件</Filter>
    </ClInclude>
    <ClInclude Include="ConnectionListener.h">
      <Filter>头文件</Filter>
    </ClInclude>
    <ClInclude Include="GroupManagerListener.h">
      <Filter>头文件</Filter>
    </ClInclude>
    <ClInclude Include="net2local.h">
      <Filter>头文件</Filter>
    </ClInclude>
    <ClInclude Include="local2net.h">
      <Filter>头文件</Filter>
    </ClInclude>
    <ClInclude Include="ContactListener.h">
      <Filter>头文件</Filter>
    </ClInclude>
  </ItemGroup>
  <ItemGroup>
    <ClCompile Include="stdafx.cpp">
      <Filter>源文件</Filter>
    </ClCompile>
    <ClCompile Include="KSIM.cpp">
      <Filter>源文件</Filter>
    </ClCompile>
    <ClCompile Include="dllmain.cpp">
      <Filter>源文件</Filter>
    </ClCompile>
    <ClCompile Include="KSIMInstance.cpp">
      <Filter>源文件</Filter>
    </ClCompile>
    <ClCompile Include="KSIMBuffer.cpp">
      <Filter>源文件</Filter>
    </ClCompile>
    <ClCompile Include="KSIMExport.cpp">
      <Filter>源文件</Filter>
    </ClCompile>
    <ClCompile Include="KSIMLogic.cpp">
      <Filter>源文件</Filter>
    </ClCompile>
    <ClCompile Include="ChatListener.cpp">
      <Filter>源文件</Filter>
    </ClCompile>
    <ClCompile Include="ConnectionListener.cpp">
      <Filter>源文件</Filter>
    </ClCompile>
    <ClCompile Include="GroupManagerListener.cpp">
      <Filter>源文件</Filter>
    </ClCompile>
    <ClCompile Include="net2local.cpp">
      <Filter>源文件</Filter>
    </ClCompile>
    <ClCompile Include="local2net.cpp">
      <Filter>源文件</Filter>
    </ClCompile>
    <ClCompile Include="ContactListener.cpp">
      <Filter>源文件</Filter>
    </ClCompile>
  </ItemGroup>
</Project>