<?xml version="1.0" encoding="utf-8"?>
<Project ToolsVersion="4.0" xmlns="http://schemas.microsoft.com/developer/msbuild/2003">
  <ItemGroup>
    <ClCompile Include="..\..\src\stb_image.c">
      <Filter>Source</Filter>
    </ClCompile>
    <ClCompile Include="..\..\src\XUnzip.cpp">
      <Filter>Source</Filter>
    </ClCompile>
    <ClCompile Include="..\..\src\StdAfx.cpp">
      <Filter>Source</Filter>
    </ClCompile>
    <ClCompile Include="..\..\src\UIActiveX.cpp">
      <Filter>Source</Filter>
    </ClCompile>
    <ClCompile Include="..\..\src\UIBase.cpp">
      <Filter>Source</Filter>
    </ClCompile>
    <ClCompile Include="..\..\src\UICombo.cpp">
      <Filter>Source</Filter>
    </ClCompile>
    <ClCompile Include="..\..\src\UICommonControls.cpp">
      <Filter>Source</Filter>
    </ClCompile>
    <ClCompile Include="..\..\src\UIContainer.cpp">
      <Filter>Source</Filter>
    </ClCompile>
    <ClCompile Include="..\..\src\UIControl.cpp">
      <Filter>Source</Filter>
    </ClCompile>
    <ClCompile Include="..\..\src\UIDelegate.cpp">
      <Filter>Source</Filter>
    </ClCompile>
    <ClCompile Include="..\..\src\UIDlgBuilder.cpp">
      <Filter>Source</Filter>
    </ClCompile>
    <ClCompile Include="..\..\src\UIlib.cpp">
      <Filter>Source</Filter>
    </ClCompile>
    <ClCompile Include="..\..\src\UIList.cpp">
      <Filter>Source</Filter>
    </ClCompile>
    <ClCompile Include="..\..\src\UIManager.cpp">
      <Filter>Source</Filter>
    </ClCompile>
    <ClCompile Include="..\..\src\UIMarkup.cpp">
      <Filter>Source</Filter>
    </ClCompile>
    <ClCompile Include="..\..\src\UIRender.cpp">
      <Filter>Source</Filter>
    </ClCompile>
    <ClCompile Include="..\..\src\UIRichEdit.cpp">
      <Filter>Source</Filter>
    </ClCompile>
    <ClCompile Include="..\..\src\UIWindow.cpp">
      <Filter>Source</Filter>
    </ClCompile>
    <ClCompile Include="..\..\src\UIWebBrowser.cpp">
      <Filter>Source</Filter>
    </ClCompile>
    <ClCompile Include="..\..\src\UIAccordion.cpp">
      <Filter>Source</Filter>
    </ClCompile>
    <ClCompile Include="..\..\src\FrameImageHelp.cpp">
      <Filter>Source</Filter>
    </ClCompile>
    <ClCompile Include="..\..\src\TimeQueue.cpp">
      <Filter>Source</Filter>
    </ClCompile>
  </ItemGroup>
  <ItemGroup>
    <ClInclude Include="..\..\src\StdAfx.h">
      <Filter>Include</Filter>
    </ClInclude>
    <ClInclude Include="..\..\include\UIBase.h">
      <Filter>Include</Filter>
    </ClInclude>
    <ClInclude Include="..\..\include\UICombo.h">
      <Filter>Include</Filter>
    </ClInclude>
    <ClInclude Include="..\..\include\UICommonControls.h">
      <Filter>Include</Filter>
    </ClInclude>
    <ClInclude Include="..\..\include\UIContainer.h">
      <Filter>Include</Filter>
    </ClInclude>
    <ClInclude Include="..\..\include\UIControl.h">
      <Filter>Include</Filter>
    </ClInclude>
    <ClInclude Include="..\..\include\UIDelegate.h">
      <Filter>Include</Filter>
    </ClInclude>
    <ClInclude Include="..\..\include\UIDlgBuilder.h">
      <Filter>Include</Filter>
    </ClInclude>
    <ClInclude Include="..\..\include\UIlib.h">
      <Filter>Include</Filter>
    </ClInclude>
    <ClInclude Include="..\..\include\UIActiveX.h">
      <Filter>Include</Filter>
    </ClInclude>
    <ClInclude Include="..\..\include\UIList.h">
      <Filter>Include</Filter>
    </ClInclude>
    <ClInclude Include="..\..\include\UIManager.h">
      <Filter>Include</Filter>
    </ClInclude>
    <ClInclude Include="..\..\include\UIMarkup.h">
      <Filter>Include</Filter>
    </ClInclude>
    <ClInclude Include="..\..\include\UIRender.h">
      <Filter>Include</Filter>
    </ClInclude>
    <ClInclude Include="..\..\include\UIRichEdit.h">
      <Filter>Include</Filter>
    </ClInclude>
    <ClInclude Include="..\..\include\UIWindow.h">
      <Filter>Include</Filter>
    </ClInclude>
    <ClInclude Include="..\Resource\resource.h">
      <Filter>Resource</Filter>
    </ClInclude>
    <ClInclude Include="..\..\include\UIWebBrowser.h">
      <Filter>Include</Filter>
    </ClInclude>
    <ClInclude Include="..\..\include\UIAccordion.h">
      <Filter>Include</Filter>
    </ClInclude>
    <ClInclude Include="..\..\include\FrameImageHelp.h">
      <Filter>Include</Filter>
    </ClInclude>
    <ClInclude Include="..\..\include\TimeQueue.h">
      <Filter>Include</Filter>
    </ClInclude>
  </ItemGroup>
  <ItemGroup>
    <Filter Include="Include">
      <UniqueIdentifier>{d5e737a0-6a0e-4156-9f54-386b97207d63}</UniqueIdentifier>
    </Filter>
    <Filter Include="Source">
      <UniqueIdentifier>{fa8bccdc-43b5-45ad-b048-9f5771ddce4d}</UniqueIdentifier>
    </Filter>
    <Filter Include="Resource">
      <UniqueIdentifier>{d08ac8ed-0de3-4068-b032-4b38daa78b5b}</UniqueIdentifier>
    </Filter>
  </ItemGroup>
  <ItemGroup>
    <ResourceCompile Include="..\Resource\Duilib.rc">
      <Filter>Resource</Filter>
    </ResourceCompile>
  </ItemGroup>
</Project>