
Microsoft Visual Studio Solution File, Format Version 12.00
# Visual Studio 15
VisualStudioVersion = 15.0.28307.271
MinimumVisualStudioVersion = 10.0.40219.1
Project("{8BC9CEB8-8B4A-11D0-8D11-00A0C91BC942}") = "TestLinux", "TestLinux.vcxproj", "{62390121-4881-4B0B-B619-C54EAD55A8EE}"
EndProject
Global
	GlobalSection(SolutionConfigurationPlatforms) = preSolution
		Debug|ARM = Debug|ARM
		Debug|ARM64 = Debug|ARM64
		Debug|x64 = Debug|x64
		Debug|x86 = Debug|x86
		Release|ARM = Release|ARM
		Release|ARM64 = Release|ARM64
		Release|x64 = Release|x64
		Release|x86 = Release|x86
	EndGlobalSection
	GlobalSection(ProjectConfigurationPlatforms) = postSolution
		{62390121-4881-4B0B-B619-C54EAD55A8EE}.Debug|ARM.ActiveCfg = Debug|ARM
		{62390121-4881-4B0B-B619-C54EAD55A8EE}.Debug|ARM.Build.0 = Debug|ARM
		{62390121-4881-4B0B-B619-C54EAD55A8EE}.Debug|ARM64.ActiveCfg = Debug|ARM64
		{62390121-4881-4B0B-B619-C54EAD55A8EE}.Debug|ARM64.Build.0 = Debug|ARM64
		{62390121-4881-4B0B-B619-C54EAD55A8EE}.Debug|x64.ActiveCfg = Debug|x64
		{62390121-4881-4B0B-B619-C54EAD55A8EE}.Debug|x64.Build.0 = Debug|x64
		{62390121-4881-4B0B-B619-C54EAD55A8EE}.Debug|x86.ActiveCfg = Debug|x86
		{62390121-4881-4B0B-B619-C54EAD55A8EE}.Debug|x86.Build.0 = Debug|x86
		{62390121-4881-4B0B-B619-C54EAD55A8EE}.Release|ARM.ActiveCfg = Release|ARM
		{62390121-4881-4B0B-B619-C54EAD55A8EE}.Release|ARM.Build.0 = Release|ARM
		{62390121-4881-4B0B-B619-C54EAD55A8EE}.Release|ARM64.ActiveCfg = Release|ARM64
		{62390121-4881-4B0B-B619-C54EAD55A8EE}.Release|ARM64.Build.0 = Release|ARM64
		{62390121-4881-4B0B-B619-C54EAD55A8EE}.Release|x64.ActiveCfg = Release|x64
		{62390121-4881-4B0B-B619-C54EAD55A8EE}.Release|x64.Build.0 = Release|x64
		{62390121-4881-4B0B-B619-C54EAD55A8EE}.Release|x86.ActiveCfg = Release|x86
		{62390121-4881-4B0B-B619-C54EAD55A8EE}.Release|x86.Build.0 = Release|x86
	EndGlobalSection
	GlobalSection(SolutionProperties) = preSolution
		HideSolutionNode = FALSE
	EndGlobalSection
	GlobalSection(ExtensibilityGlobals) = postSolution
		SolutionGuid = {E7C27072-FF29-434A-AE76-B66F7B414787}
	EndGlobalSection
EndGlobal
