
Microsoft Visual Studio Solution File, Format Version 12.00
# Visual Studio Version 17
VisualStudioVersion = 17.4.33205.214
MinimumVisualStudioVersion = 10.0.40219.1
Project("{8BC9CEB8-8B4A-11D0-8D11-00A0C91BC942}") = "testc20", "testc20\testc20.vcxproj", "{A097B4CD-66A4-4949-A34D-B812C03C2A0B}"
EndProject
Global
	GlobalSection(SolutionConfigurationPlatforms) = preSolution
		Debug|x64 = Debug|x64
		Debug|x86 = Debug|x86
		Release|x64 = Release|x64
		Release|x86 = Release|x86
	EndGlobalSection
	GlobalSection(ProjectConfigurationPlatforms) = postSolution
		{A097B4CD-66A4-4949-A34D-B812C03C2A0B}.Debug|x64.ActiveCfg = Debug|x64
		{A097B4CD-66A4-4949-A34D-B812C03C2A0B}.Debug|x64.Build.0 = Debug|x64
		{A097B4CD-66A4-4949-A34D-B812C03C2A0B}.Debug|x86.ActiveCfg = Debug|Win32
		{A097B4CD-66A4-4949-A34D-B812C03C2A0B}.Debug|x86.Build.0 = Debug|Win32
		{A097B4CD-66A4-4949-A34D-B812C03C2A0B}.Release|x64.ActiveCfg = Release|x64
		{A097B4CD-66A4-4949-A34D-B812C03C2A0B}.Release|x64.Build.0 = Release|x64
		{A097B4CD-66A4-4949-A34D-B812C03C2A0B}.Release|x86.ActiveCfg = Release|Win32
		{A097B4CD-66A4-4949-A34D-B812C03C2A0B}.Release|x86.Build.0 = Release|Win32
	EndGlobalSection
	GlobalSection(SolutionProperties) = preSolution
		HideSolutionNode = FALSE
	EndGlobalSection
	GlobalSection(ExtensibilityGlobals) = postSolution
		SolutionGuid = {246FB9DE-23AF-49C1-BE6F-01765496D4DE}
	EndGlobalSection
EndGlobal
