<?xml version="1.0" encoding="utf-8"?>
<Project ToolsVersion="4.0" xmlns="http://schemas.microsoft.com/developer/msbuild/2003">
  <ItemGroup>
    <Filter Include="Form Files">
      <UniqueIdentifier>{99349809-55BA-4b9d-BF79-8FDBB0286EB3}</UniqueIdentifier>
      <Extensions>ui</Extensions>
      <ParseFiles>false</ParseFiles>
    </Filter>
    <Filter Include="Form Files">
      <UniqueIdentifier>{99349809-55BA-4b9d-BF79-8FDBB0286EB3}</UniqueIdentifier>
      <Extensions>ui</Extensions>
      <ParseFiles>false</ParseFiles>
    </Filter>
    <Filter Include="Generated Files">
      <UniqueIdentifier>{71ED8ED8-ACB9-4CE9-BBE1-E00B30144E11}</UniqueIdentifier>
      <Extensions>cpp;c;cxx;moc;h;def;odl;idl;res;</Extensions>
    </Filter>
    <Filter Include="Generated Files">
      <UniqueIdentifier>{71ED8ED8-ACB9-4CE9-BBE1-E00B30144E11}</UniqueIdentifier>
      <Extensions>cpp;c;cxx;moc;h;def;odl;idl;res;</Extensions>
    </Filter>
    <Filter Include="Header Files">
      <UniqueIdentifier>{93995380-89BD-4b04-88EB-625FBE52EBFB}</UniqueIdentifier>
      <Extensions>h;hpp;hxx;hm;inl;inc;xsd</Extensions>
    </Filter>
    <Filter Include="Header Files">
      <UniqueIdentifier>{93995380-89BD-4b04-88EB-625FBE52EBFB}</UniqueIdentifier>
      <Extensions>h;hpp;hxx;hm;inl;inc;xsd</Extensions>
    </Filter>
    <Filter Include="Source Files">
      <UniqueIdentifier>{4FC737F1-C7A5-4376-A066-2A32D752A2FF}</UniqueIdentifier>
      <Extensions>cpp;c;cxx;def;odl;idl;hpj;bat;asm;asmx</Extensions>
    </Filter>
    <Filter Include="Source Files">
      <UniqueIdentifier>{4FC737F1-C7A5-4376-A066-2A32D752A2FF}</UniqueIdentifier>
      <Extensions>cpp;c;cxx;def;odl;idl;hpj;bat;asm;asmx</Extensions>
    </Filter>
    <Filter Include="Generated Files\Release">
      <UniqueIdentifier>{b702e275-4717-424e-abe8-8e35090ef7fa}</UniqueIdentifier>
      <Extensions>cpp;moc</Extensions>
      <SourceControlFiles>False</SourceControlFiles>
    </Filter>
    <Filter Include="Generated Files\Debug">
      <UniqueIdentifier>{fb415b19-af35-47e9-8782-41100d7bed48}</UniqueIdentifier>
      <Extensions>cpp;moc</Extensions>
      <SourceControlFiles>False</SourceControlFiles>
    </Filter>
    <Filter Include="include">
      <UniqueIdentifier>{fa3eb423-6234-4e2e-9850-ecc79ec40f6f}</UniqueIdentifier>
    </Filter>
    <Filter Include="DealMsgHelper">
      <UniqueIdentifier>{48affd16-04f5-4810-a10c-3331ba40c1d8}</UniqueIdentifier>
    </Filter>
    <Filter Include="PostMsgHelper">
      <UniqueIdentifier>{90ff7240-6dfb-422f-989d-44d11628638b}</UniqueIdentifier>
    </Filter>
  </ItemGroup>
  <ItemGroup>
    <ClCompile Include="dialog.cpp">
      <Filter>Source Files</Filter>
    </ClCompile>
    <ClCompile Include="main.cpp">
      <Filter>Source Files</Filter>
    </ClCompile>
    <ClCompile Include="GeneratedFiles\Release\moc_dialog.cpp">
      <Filter>Generated Files\Release</Filter>
    </ClCompile>
    <ClCompile Include="GeneratedFiles\Debug\moc_dialog.cpp">
      <Filter>Generated Files\Debug</Filter>
    </ClCompile>
    <ClCompile Include="TestStruct.cpp">
      <Filter>Source Files</Filter>
    </ClCompile>
  </ItemGroup>
  <ItemGroup>
    <CustomBuild Include="dialog.h">
      <Filter>Header Files</Filter>
    </CustomBuild>
  </ItemGroup>
  <ItemGroup>
    <CustomBuild Include="dialog.ui">
      <Filter>Form Files</Filter>
    </CustomBuild>
  </ItemGroup>
  <ItemGroup>
    <ClInclude Include="GeneratedFiles\ui_dialog.h">
      <Filter>Generated Files</Filter>
    </ClInclude>
    <ClInclude Include="TestStruct.h">
      <Filter>Header Files</Filter>
    </ClInclude>
    <ClInclude Include="..\TKSerialize\include\EnumSerialize.h">
      <Filter>include</Filter>
    </ClInclude>
    <ClInclude Include="..\TKSerialize\include\InnerSerializeHelper.h">
      <Filter>include</Filter>
    </ClInclude>
    <ClInclude Include="..\TKSerialize\include\InterfaceSerialize.h">
      <Filter>include</Filter>
    </ClInclude>
    <ClInclude Include="..\TKSerialize\include\SerializeHelper.h">
      <Filter>include</Filter>
    </ClInclude>
    <ClInclude Include="..\TKSerialize\include\SerializeHelperEx.h">
      <Filter>include</Filter>
    </ClInclude>
    <ClInclude Include="..\TKSerialize\include\SerializeString.h">
      <Filter>include</Filter>
    </ClInclude>
    <ClInclude Include="..\TKSerialize\include\TKSerializeExport.h">
      <Filter>include</Filter>
    </ClInclude>
    <ClInclude Include="..\TKSerialize\include\TKSerializeExportDefine.h">
      <Filter>include</Filter>
    </ClInclude>
    <ClInclude Include="DealMsgHelper\DealMsgHelper.h">
      <Filter>DealMsgHelper</Filter>
    </ClInclude>
    <ClInclude Include="DealMsgHelper\InvokeNotify.h">
      <Filter>DealMsgHelper</Filter>
    </ClInclude>
    <ClInclude Include="PostMsgHelper\PostMsgHelper.h">
      <Filter>PostMsgHelper</Filter>
    </ClInclude>
  </ItemGroup>
  <ItemGroup>
    <None Include="..\TKSerialize\include\InnerSerializeHelper.inl">
      <Filter>include</Filter>
    </None>
    <None Include="..\TKSerialize\include\SerializeHelper.inl">
      <Filter>include</Filter>
    </None>
    <None Include="..\TKSerialize\include\SerializeHelperEx.inl">
      <Filter>include</Filter>
    </None>
    <None Include="DealMsgHelper\DealMsgHelper.inl">
      <Filter>DealMsgHelper</Filter>
    </None>
    <None Include="DealMsgHelper\InvokeNotify.inl">
      <Filter>DealMsgHelper</Filter>
    </None>
    <None Include="PostMsgHelper\PostMsgHelper.inl">
      <Filter>PostMsgHelper</Filter>
    </None>
  </ItemGroup>
</Project>