<?xml version="1.0" encoding="utf-8"?>
<Project ToolsVersion="4.0" xmlns="http://schemas.microsoft.com/developer/msbuild/2003">
  <ItemGroup>
    <Filter Include="源文件">
      <UniqueIdentifier>{4FC737F1-C7A5-4376-A066-2A32D752A2FF}</UniqueIdentifier>
      <Extensions>cpp;c;cc;cxx;def;odl;idl;hpj;bat;asm;asmx</Extensions>
    </Filter>
    <Filter Include="头文件">
      <UniqueIdentifier>{93995380-89BD-4b04-88EB-625FBE52EBFB}</UniqueIdentifier>
      <Extensions>h;hpp;hxx;hm;inl;inc;xsd</Extensions>
    </Filter>
    <Filter Include="资源文件">
      <UniqueIdentifier>{67DA6AB6-F800-4c08-8B7A-83BB121AAD01}</UniqueIdentifier>
      <Extensions>rc;ico;cur;bmp;dlg;rc2;rct;bin;rgs;gif;jpg;jpeg;jpe;resx;tiff;tif;png;wav;mfcribbon-ms</Extensions>
    </Filter>
    <Filter Include="ToLua">
      <UniqueIdentifier>{967d4d1b-d4c9-47d1-884b-06997761d5dd}</UniqueIdentifier>
    </Filter>
  </ItemGroup>
  <ItemGroup>
    <None Include="ReadMe.txt" />
    <None Include="TestToLua.pkg" />
    <None Include="tolua.bat" />
    <None Include="..\Lib\TestToLua.lua" />
  </ItemGroup>
  <ItemGroup>
    <ClInclude Include="stdafx.h">
      <Filter>头文件</Filter>
    </ClInclude>
    <ClInclude Include="targetver.h">
      <Filter>头文件</Filter>
    </ClInclude>
    <ClInclude Include="TestToLua.h">
      <Filter>头文件</Filter>
    </ClInclude>
    <ClInclude Include="..\tolua++-1.0.93\src\lib\tolua_event.h">
      <Filter>ToLua</Filter>
    </ClInclude>
  </ItemGroup>
  <ItemGroup>
    <ClCompile Include="stdafx.cpp">
      <Filter>源文件</Filter>
    </ClCompile>
    <ClCompile Include="TestToLuaPP.cpp">
      <Filter>源文件</Filter>
    </ClCompile>
    <ClCompile Include="..\tolua++-1.0.93\src\lib\tolua_event.c">
      <Filter>ToLua</Filter>
    </ClCompile>
    <ClCompile Include="..\tolua++-1.0.93\src\lib\tolua_is.c">
      <Filter>ToLua</Filter>
    </ClCompile>
    <ClCompile Include="..\tolua++-1.0.93\src\lib\tolua_map.c">
      <Filter>ToLua</Filter>
    </ClCompile>
    <ClCompile Include="..\tolua++-1.0.93\src\lib\tolua_push.c">
      <Filter>ToLua</Filter>
    </ClCompile>
    <ClCompile Include="..\tolua++-1.0.93\src\lib\tolua_to.c">
      <Filter>ToLua</Filter>
    </ClCompile>
    <ClCompile Include="TestToLua.cpp" />
    <ClCompile Include="Output.cpp" />
  </ItemGroup>
</Project>