<?xml version="1.0" encoding="utf-8"?>
<Project ToolsVersion="4.0" xmlns="http://schemas.microsoft.com/developer/msbuild/2003">
  <ItemGroup>
    <Filter Include="源文件">
      <UniqueIdentifier>{4FC737F1-C7A5-4376-A066-2A32D752A2FF}</UniqueIdentifier>
      <Extensions>cpp;c;cc;cxx;def;odl;idl;hpj;bat;asm;asmx</Extensions>
    </Filter>
    <Filter Include="头文件">
      <UniqueIdentifier>{93995380-89BD-4b04-88EB-625FBE52EBFB}</UniqueIdentifier>
      <Extensions>h;hpp;hxx;hm;inl;inc;xsd</Extensions>
    </Filter>
    <Filter Include="资源文件">
      <UniqueIdentifier>{67DA6AB6-F800-4c08-8B7A-83BB121AAD01}</UniqueIdentifier>
      <Extensions>rc;ico;cur;bmp;dlg;rc2;rct;bin;rgs;gif;jpg;jpeg;jpe;resx;tiff;tif;png;wav;mfcribbon-ms</Extensions>
    </Filter>
    <Filter Include="Lua">
      <UniqueIdentifier>{8fb032ed-9655-4c4b-97dc-63c60e495d93}</UniqueIdentifier>
    </Filter>
    <Filter Include="Lua\Lua">
      <UniqueIdentifier>{369058a5-cf48-46e7-bfeb-e7d998e15c5c}</UniqueIdentifier>
    </Filter>
    <Filter Include="Lua\LuaBind">
      <UniqueIdentifier>{4a5a81eb-54d2-4aab-bbe8-a808b3dffe42}</UniqueIdentifier>
    </Filter>
  </ItemGroup>
  <ItemGroup>
    <None Include="ReadMe.txt" />
    <None Include="..\Lib\TestLuaFun.lua" />
  </ItemGroup>
  <ItemGroup>
    <ClInclude Include="stdafx.h">
      <Filter>头文件</Filter>
    </ClInclude>
    <ClInclude Include="targetver.h">
      <Filter>头文件</Filter>
    </ClInclude>
    <ClInclude Include="LuaUtil.h">
      <Filter>头文件</Filter>
    </ClInclude>
  </ItemGroup>
  <ItemGroup>
    <ClCompile Include="stdafx.cpp">
      <Filter>源文件</Filter>
    </ClCompile>
    <ClCompile Include="TestLua.cpp">
      <Filter>源文件</Filter>
    </ClCompile>
    <ClCompile Include="..\luabind-0.8.1\src\wrapper_base.cpp">
      <Filter>Lua\LuaBind</Filter>
    </ClCompile>
    <ClCompile Include="..\luabind-0.8.1\src\class.cpp">
      <Filter>Lua\LuaBind</Filter>
    </ClCompile>
    <ClCompile Include="..\luabind-0.8.1\src\class_info.cpp">
      <Filter>Lua\LuaBind</Filter>
    </ClCompile>
    <ClCompile Include="..\luabind-0.8.1\src\class_registry.cpp">
      <Filter>Lua\LuaBind</Filter>
    </ClCompile>
    <ClCompile Include="..\luabind-0.8.1\src\class_rep.cpp">
      <Filter>Lua\LuaBind</Filter>
    </ClCompile>
    <ClCompile Include="..\luabind-0.8.1\src\create_class.cpp">
      <Filter>Lua\LuaBind</Filter>
    </ClCompile>
    <ClCompile Include="..\luabind-0.8.1\src\error.cpp">
      <Filter>Lua\LuaBind</Filter>
    </ClCompile>
    <ClCompile Include="..\luabind-0.8.1\src\exception_handler.cpp">
      <Filter>Lua\LuaBind</Filter>
    </ClCompile>
    <ClCompile Include="..\luabind-0.8.1\src\find_best_match.cpp">
      <Filter>Lua\LuaBind</Filter>
    </ClCompile>
    <ClCompile Include="..\luabind-0.8.1\src\function.cpp">
      <Filter>Lua\LuaBind</Filter>
    </ClCompile>
    <ClCompile Include="..\luabind-0.8.1\src\implicit_cast.cpp">
      <Filter>Lua\LuaBind</Filter>
    </ClCompile>
    <ClCompile Include="..\luabind-0.8.1\src\link_compatibility.cpp">
      <Filter>Lua\LuaBind</Filter>
    </ClCompile>
    <ClCompile Include="..\luabind-0.8.1\src\object_rep.cpp">
      <Filter>Lua\LuaBind</Filter>
    </ClCompile>
    <ClCompile Include="..\luabind-0.8.1\src\open.cpp">
      <Filter>Lua\LuaBind</Filter>
    </ClCompile>
    <ClCompile Include="..\luabind-0.8.1\src\overload_rep.cpp">
      <Filter>Lua\LuaBind</Filter>
    </ClCompile>
    <ClCompile Include="..\luabind-0.8.1\src\pcall.cpp">
      <Filter>Lua\LuaBind</Filter>
    </ClCompile>
    <ClCompile Include="..\luabind-0.8.1\src\ref.cpp">
      <Filter>Lua\LuaBind</Filter>
    </ClCompile>
    <ClCompile Include="..\luabind-0.8.1\src\scope.cpp">
      <Filter>Lua\LuaBind</Filter>
    </ClCompile>
    <ClCompile Include="..\luabind-0.8.1\src\stack_content_by_name.cpp">
      <Filter>Lua\LuaBind</Filter>
    </ClCompile>
    <ClCompile Include="..\luabind-0.8.1\src\weak_ref.cpp">
      <Filter>Lua\LuaBind</Filter>
    </ClCompile>
    <ClCompile Include="..\lua-5.1.4\lua\lfunc.c">
      <Filter>Lua\Lua</Filter>
    </ClCompile>
    <ClCompile Include="..\lua-5.1.4\lua\lapi.c">
      <Filter>Lua\Lua</Filter>
    </ClCompile>
    <ClCompile Include="..\lua-5.1.4\lua\lauxlib.c">
      <Filter>Lua\Lua</Filter>
    </ClCompile>
    <ClCompile Include="..\lua-5.1.4\lua\lbaselib.c">
      <Filter>Lua\Lua</Filter>
    </ClCompile>
    <ClCompile Include="..\lua-5.1.4\lua\lcode.c">
      <Filter>Lua\Lua</Filter>
    </ClCompile>
    <ClCompile Include="..\lua-5.1.4\lua\ldblib.c">
      <Filter>Lua\Lua</Filter>
    </ClCompile>
    <ClCompile Include="..\lua-5.1.4\lua\ldebug.c">
      <Filter>Lua\Lua</Filter>
    </ClCompile>
    <ClCompile Include="..\lua-5.1.4\lua\ldo.c">
      <Filter>Lua\Lua</Filter>
    </ClCompile>
    <ClCompile Include="..\lua-5.1.4\lua\ldump.c">
      <Filter>Lua\Lua</Filter>
    </ClCompile>
    <ClCompile Include="..\lua-5.1.4\lua\print.c">
      <Filter>Lua\Lua</Filter>
    </ClCompile>
    <ClCompile Include="..\lua-5.1.4\lua\lgc.c">
      <Filter>Lua\Lua</Filter>
    </ClCompile>
    <ClCompile Include="..\lua-5.1.4\lua\linit.c">
      <Filter>Lua\Lua</Filter>
    </ClCompile>
    <ClCompile Include="..\lua-5.1.4\lua\liolib.c">
      <Filter>Lua\Lua</Filter>
    </ClCompile>
    <ClCompile Include="..\lua-5.1.4\lua\llex.c">
      <Filter>Lua\Lua</Filter>
    </ClCompile>
    <ClCompile Include="..\lua-5.1.4\lua\lmathlib.c">
      <Filter>Lua\Lua</Filter>
    </ClCompile>
    <ClCompile Include="..\lua-5.1.4\lua\lmem.c">
      <Filter>Lua\Lua</Filter>
    </ClCompile>
    <ClCompile Include="..\lua-5.1.4\lua\loadlib.c">
      <Filter>Lua\Lua</Filter>
    </ClCompile>
    <ClCompile Include="..\lua-5.1.4\lua\lobject.c">
      <Filter>Lua\Lua</Filter>
    </ClCompile>
    <ClCompile Include="..\lua-5.1.4\lua\lopcodes.c">
      <Filter>Lua\Lua</Filter>
    </ClCompile>
    <ClCompile Include="..\lua-5.1.4\lua\loslib.c">
      <Filter>Lua\Lua</Filter>
    </ClCompile>
    <ClCompile Include="..\lua-5.1.4\lua\lparser.c">
      <Filter>Lua\Lua</Filter>
    </ClCompile>
    <ClCompile Include="..\lua-5.1.4\lua\lstate.c">
      <Filter>Lua\Lua</Filter>
    </ClCompile>
    <ClCompile Include="..\lua-5.1.4\lua\lstring.c">
      <Filter>Lua\Lua</Filter>
    </ClCompile>
    <ClCompile Include="..\lua-5.1.4\lua\lstrlib.c">
      <Filter>Lua\Lua</Filter>
    </ClCompile>
    <ClCompile Include="..\lua-5.1.4\lua\ltable.c">
      <Filter>Lua\Lua</Filter>
    </ClCompile>
    <ClCompile Include="..\lua-5.1.4\lua\ltablib.c">
      <Filter>Lua\Lua</Filter>
    </ClCompile>
    <ClCompile Include="..\lua-5.1.4\lua\ltm.c">
      <Filter>Lua\Lua</Filter>
    </ClCompile>
    <ClCompile Include="..\lua-5.1.4\lua\lundump.c">
      <Filter>Lua\Lua</Filter>
    </ClCompile>
    <ClCompile Include="..\lua-5.1.4\lua\lvm.c">
      <Filter>Lua\Lua</Filter>
    </ClCompile>
    <ClCompile Include="..\lua-5.1.4\lua\lzio.c">
      <Filter>Lua\Lua</Filter>
    </ClCompile>
  </ItemGroup>
</Project>