
Microsoft Visual Studio Solution File, Format Version 12.00
# Visual Studio 15
VisualStudioVersion = 15.0.28307.1000
MinimumVisualStudioVersion = 10.0.40219.1
Project("{8BC9CEB8-8B4A-11D0-8D11-00A0C91BC942}") = "testspine", "testspine.vcxproj", "{D4AA4549-CAB1-44F6-8913-2FEEBEFC9F68}"
EndProject
Global
	GlobalSection(SolutionConfigurationPlatforms) = preSolution
		Debug|x64 = Debug|x64
		Debug|x86 = Debug|x86
		Release|x64 = Release|x64
		Release|x86 = Release|x86
	EndGlobalSection
	GlobalSection(ProjectConfigurationPlatforms) = postSolution
		{D4AA4549-CAB1-44F6-8913-2FEEBEFC9F68}.Debug|x64.ActiveCfg = Debug|x64
		{D4AA4549-CAB1-44F6-8913-2FEEBEFC9F68}.Debug|x64.Build.0 = Debug|x64
		{D4AA4549-CAB1-44F6-8913-2FEEBEFC9F68}.Debug|x86.ActiveCfg = Debug|Win32
		{D4AA4549-CAB1-44F6-8913-2FEEBEFC9F68}.Debug|x86.Build.0 = Debug|Win32
		{D4AA4549-CAB1-44F6-8913-2FEEBEFC9F68}.Release|x64.ActiveCfg = Release|x64
		{D4AA4549-CAB1-44F6-8913-2FEEBEFC9F68}.Release|x64.Build.0 = Release|x64
		{D4AA4549-CAB1-44F6-8913-2FEEBEFC9F68}.Release|x86.ActiveCfg = Release|Win32
		{D4AA4549-CAB1-44F6-8913-2FEEBEFC9F68}.Release|x86.Build.0 = Release|Win32
	EndGlobalSection
	GlobalSection(SolutionProperties) = preSolution
		HideSolutionNode = FALSE
	EndGlobalSection
	GlobalSection(ExtensibilityGlobals) = postSolution
		SolutionGuid = {D16FA3E4-F08C-4C5E-8656-2075CA389403}
	EndGlobalSection
EndGlobal
