
Microsoft Visual Studio Solution File, Format Version 11.00
# Visual Studio 2010
Project("{8BC9CEB8-8B4A-11D0-8D11-00A0C91BC942}") = "TestToLuaPP", "TestToLuaPP.vcxproj", "{CF1DEC6E-C071-4FCF-9E01-AD5E90179FD1}"
EndProject
Global
	GlobalSection(SolutionConfigurationPlatforms) = preSolution
		Debug|Win32 = Debug|Win32
		Release|Win32 = Release|Win32
	EndGlobalSection
	GlobalSection(ProjectConfigurationPlatforms) = postSolution
		{CF1DEC6E-C071-4FCF-9E01-AD5E90179FD1}.Debug|Win32.ActiveCfg = Debug|Win32
		{CF1DEC6E-C071-4FCF-9E01-AD5E90179FD1}.Debug|Win32.Build.0 = Debug|Win32
		{CF1DEC6E-C071-4FCF-9E01-AD5E90179FD1}.Release|Win32.ActiveCfg = Release|Win32
		{CF1DEC6E-C071-4FCF-9E01-AD5E90179FD1}.Release|Win32.Build.0 = Release|Win32
	EndGlobalSection
	GlobalSection(SolutionProperties) = preSolution
		HideSolutionNode = FALSE
	EndGlobalSection
EndGlobal
