<?xml version="1.0" encoding="utf-8"?>
<Project ToolsVersion="4.0" xmlns="http://schemas.microsoft.com/developer/msbuild/2003">
  <ItemGroup>
    <Filter Include="Source Files">
      <UniqueIdentifier>{4FC737F1-C7A5-4376-A066-2A32D752A2FF}</UniqueIdentifier>
      <Extensions>cpp;c;cc;cxx;def;odl;idl;hpj;bat;asm;asmx</Extensions>
    </Filter>
    <Filter Include="Header Files">
      <UniqueIdentifier>{93995380-89BD-4b04-88EB-625FBE52EBFB}</UniqueIdentifier>
      <Extensions>h;hh;hpp;hxx;hm;inl;inc;xsd</Extensions>
    </Filter>
    <Filter Include="Resource Files">
      <UniqueIdentifier>{D9D6E242-F8AF-46E4-B9FD-80ECBC20BA3E}</UniqueIdentifier>
      <Extensions>qrc;*</Extensions>
      <ParseFiles>false</ParseFiles>
    </Filter>
    <Filter Include="Form Files">
      <UniqueIdentifier>{99349809-55BA-4b9d-BF79-8FDBB0286EB3}</UniqueIdentifier>
      <Extensions>ui</Extensions>
    </Filter>
    <Filter Include="Resource Files">
      <UniqueIdentifier>{D9D6E242-F8AF-46E4-B9FD-80ECBC20BA3E}</UniqueIdentifier>
      <Extensions>qrc;*</Extensions>
      <ParseFiles>false</ParseFiles>
    </Filter>
    <Filter Include="Generated Files">
      <UniqueIdentifier>{71ED8ED8-ACB9-4CE9-BBE1-E00B30144E11}</UniqueIdentifier>
      <Extensions>moc;h;cpp</Extensions>
      <SourceControlFiles>False</SourceControlFiles>
    </Filter>
    <Filter Include="UI">
      <UniqueIdentifier>{28d0c84e-2d94-4cb4-a931-49d7cd5b103d}</UniqueIdentifier>
    </Filter>
    <Filter Include="Config">
      <UniqueIdentifier>{db3c320f-9803-4695-b1d2-4107d90e2099}</UniqueIdentifier>
    </Filter>
    <Filter Include="Common">
      <UniqueIdentifier>{c7fec3de-3845-4fbf-a67b-4c36075ab019}</UniqueIdentifier>
    </Filter>
  </ItemGroup>
  <ItemGroup>
    <ClCompile Include="main.cpp">
      <Filter>Source Files</Filter>
    </ClCompile>
    <ClCompile Include="..\Config\SystemConfig.cpp">
      <Filter>Config</Filter>
    </ClCompile>
    <ClCompile Include="..\UI\KSDoodlingSet.cpp">
      <Filter>UI</Filter>
    </ClCompile>
    <ClCompile Include="..\UI\KSDoodling.cpp">
      <Filter>UI</Filter>
    </ClCompile>
    <ClCompile Include="..\Common\DShowHelper.cpp">
      <Filter>Common</Filter>
    </ClCompile>
    <ClCompile Include="..\UI\KSAudioCapture.cpp">
      <Filter>UI</Filter>
    </ClCompile>
    <ClCompile Include="..\UI\KSPlayer.cpp">
      <Filter>UI</Filter>
    </ClCompile>
    <ClCompile Include="..\UI\KSPlayerCtrl.cpp">
      <Filter>UI</Filter>
    </ClCompile>
    <ClCompile Include="..\UI\KSPlayerContainer.cpp">
      <Filter>UI</Filter>
    </ClCompile>
    <ClCompile Include="..\UI\MySlider.cpp">
      <Filter>UI</Filter>
    </ClCompile>
  </ItemGroup>
  <ItemGroup>
    <QtMoc Include="..\UI\KSDoodlingSet.h">
      <Filter>UI</Filter>
    </QtMoc>
    <QtMoc Include="..\UI\KSDoodling.h">
      <Filter>UI</Filter>
    </QtMoc>
    <QtMoc Include="..\UI\KSAudioCapture.h">
      <Filter>UI</Filter>
    </QtMoc>
    <QtMoc Include="..\UI\KSPlayer.h">
      <Filter>UI</Filter>
    </QtMoc>
    <QtMoc Include="..\UI\KSPlayerCtrl.h">
      <Filter>UI</Filter>
    </QtMoc>
    <QtMoc Include="..\UI\KSPlayerContainer.h">
      <Filter>UI</Filter>
    </QtMoc>
    <QtMoc Include="..\UI\MySlider.h">
      <Filter>UI</Filter>
    </QtMoc>
  </ItemGroup>
  <ItemGroup>
    <QtUic Include="..\UI\KSDoodlingSet.ui">
      <Filter>Form Files</Filter>
    </QtUic>
    <QtUic Include="..\UI\KSAudioCapture.ui">
      <Filter>Form Files</Filter>
    </QtUic>
    <QtUic Include="..\UI\KSPlayer.ui">
      <Filter>Form Files</Filter>
    </QtUic>
    <QtUic Include="..\UI\KSPlayerCtrl.ui">
      <Filter>Form Files</Filter>
    </QtUic>
  </ItemGroup>
  <ItemGroup>
    <QtRcc Include="KSPlayer.qrc">
      <Filter>Resource Files</Filter>
    </QtRcc>
  </ItemGroup>
  <ItemGroup>
    <ClInclude Include="..\Config\SystemConfig.h">
      <Filter>Config</Filter>
    </ClInclude>
    <ClInclude Include="..\Common\DShowHelper.h">
      <Filter>Common</Filter>
    </ClInclude>
    <ClInclude Include="..\Common\Single.h">
      <Filter>Common</Filter>
    </ClInclude>
  </ItemGroup>
</Project>