
Microsoft Visual Studio Solution File, Format Version 12.00
# Visual Studio 15
VisualStudioVersion = 15.0.28307.271
MinimumVisualStudioVersion = 10.0.40219.1
Project("{8BC9CEB8-8B4A-11D0-8D11-00A0C91BC942}") = "TestClient", "TestClient.vcxproj", "{AB583A12-B582-48AB-8F6A-3126862145E1}"
EndProject
Global
	GlobalSection(SolutionConfigurationPlatforms) = preSolution
		Debug|x64 = Debug|x64
		Debug|x86 = Debug|x86
		Release|x64 = Release|x64
		Release|x86 = Release|x86
	EndGlobalSection
	GlobalSection(ProjectConfigurationPlatforms) = postSolution
		{AB583A12-B582-48AB-8F6A-3126862145E1}.Debug|x64.ActiveCfg = Debug|x64
		{AB583A12-B582-48AB-8F6A-3126862145E1}.Debug|x64.Build.0 = Debug|x64
		{AB583A12-B582-48AB-8F6A-3126862145E1}.Debug|x86.ActiveCfg = Debug|Win32
		{AB583A12-B582-48AB-8F6A-3126862145E1}.Debug|x86.Build.0 = Debug|Win32
		{AB583A12-B582-48AB-8F6A-3126862145E1}.Release|x64.ActiveCfg = Release|x64
		{AB583A12-B582-48AB-8F6A-3126862145E1}.Release|x64.Build.0 = Release|x64
		{AB583A12-B582-48AB-8F6A-3126862145E1}.Release|x86.ActiveCfg = Release|Win32
		{AB583A12-B582-48AB-8F6A-3126862145E1}.Release|x86.Build.0 = Release|Win32
	EndGlobalSection
	GlobalSection(SolutionProperties) = preSolution
		HideSolutionNode = FALSE
	EndGlobalSection
	GlobalSection(ExtensibilityGlobals) = postSolution
		SolutionGuid = {D6C31C1A-664D-46D3-9BB9-9C9D53E7BC1F}
	EndGlobalSection
EndGlobal
