
Microsoft Visual Studio Solution File, Format Version 12.00
# Visual Studio Version 16
VisualStudioVersion = 16.0.29728.190
MinimumVisualStudioVersion = 10.0.40219.1
Project("{8BC9CEB8-8B4A-11D0-8D11-00A0C91BC942}") = "testreadmp4", "testreadmp4\testreadmp4.vcxproj", "{9059496E-AB3B-45B2-9598-57625079F946}"
EndProject
Global
	GlobalSection(SolutionConfigurationPlatforms) = preSolution
		Debug|x64 = Debug|x64
		Debug|x86 = Debug|x86
		Release|x64 = Release|x64
		Release|x86 = Release|x86
	EndGlobalSection
	GlobalSection(ProjectConfigurationPlatforms) = postSolution
		{9059496E-AB3B-45B2-9598-57625079F946}.Debug|x64.ActiveCfg = Debug|x64
		{9059496E-AB3B-45B2-9598-57625079F946}.Debug|x64.Build.0 = Debug|x64
		{9059496E-AB3B-45B2-9598-57625079F946}.Debug|x86.ActiveCfg = Debug|Win32
		{9059496E-AB3B-45B2-9598-57625079F946}.Debug|x86.Build.0 = Debug|Win32
		{9059496E-AB3B-45B2-9598-57625079F946}.Release|x64.ActiveCfg = Release|x64
		{9059496E-AB3B-45B2-9598-57625079F946}.Release|x64.Build.0 = Release|x64
		{9059496E-AB3B-45B2-9598-57625079F946}.Release|x86.ActiveCfg = Release|Win32
		{9059496E-AB3B-45B2-9598-57625079F946}.Release|x86.Build.0 = Release|Win32
	EndGlobalSection
	GlobalSection(SolutionProperties) = preSolution
		HideSolutionNode = FALSE
	EndGlobalSection
	GlobalSection(ExtensibilityGlobals) = postSolution
		SolutionGuid = {2609315C-BC91-4BA8-83E7-6F98E481DA80}
	EndGlobalSection
EndGlobal
